
Microsoft Visual Studio Solution File, Format Version 12.00
# Visual Studio Version 17
VisualStudioVersion = 17.4.33205.214
MinimumVisualStudioVersion = 10.0.40219.1
Project("{FAE04EC0-301F-11D3-BF4B-00C04F79EFBC}") = "DoctorWho", "DoctorWho\DoctorWho.csproj", "{1598B48F-F695-415F-8CC5-2F4CB4970583}"
EndProject
Project("{FAE04EC0-301F-11D3-BF4B-00C04F79EFBC}") = "DoctorWho.Db", "DoctorWho.Db\DoctorWho.Db.csproj", "{6BA0C739-D1BF-41CD-A7E2-EE1EFAF16CD9}"
EndProject
Global
	GlobalSection(SolutionConfigurationPlatforms) = preSolution
		Debug|Any CPU = Debug|Any CPU
		Release|Any CPU = Release|Any CPU
	EndGlobalSection
	GlobalSection(ProjectConfigurationPlatforms) = postSolution
		{1598B48F-F695-415F-8CC5-2F4CB4970583}.Debug|Any CPU.ActiveCfg = Debug|Any CPU
		{1598B48F-F695-415F-8CC5-2F4CB4970583}.Debug|Any CPU.Build.0 = Debug|Any CPU
		{1598B48F-F695-415F-8CC5-2F4CB4970583}.Release|Any CPU.ActiveCfg = Release|Any CPU
		{1598B48F-F695-415F-8CC5-2F4CB4970583}.Release|Any CPU.Build.0 = Release|Any CPU
		{6BA0C739-D1BF-41CD-A7E2-EE1EFAF16CD9}.Debug|Any CPU.ActiveCfg = Debug|Any CPU
		{6BA0C739-D1BF-41CD-A7E2-EE1EFAF16CD9}.Debug|Any CPU.Build.0 = Debug|Any CPU
		{6BA0C739-D1BF-41CD-A7E2-EE1EFAF16CD9}.Release|Any CPU.ActiveCfg = Release|Any CPU
		{6BA0C739-D1BF-41CD-A7E2-EE1EFAF16CD9}.Release|Any CPU.Build.0 = Release|Any CPU
	EndGlobalSection
	GlobalSection(SolutionProperties) = preSolution
		HideSolutionNode = FALSE
	EndGlobalSection
	GlobalSection(ExtensibilityGlobals) = postSolution
		SolutionGuid = {874BFF65-B68D-471A-87A3-DA5C65D15233}
	EndGlobalSection
EndGlobal
